
Microsoft Visual Studio Solution File, Format Version 12.00
# Visual Studio Version 17
VisualStudioVersion = 17.5.33627.172
MinimumVisualStudioVersion = 10.0.40219.1
Project("{FAE04EC0-301F-11D3-BF4B-00C04F79EFBC}") = "IDGS901_API", "IDGS901_API\IDGS901_API.csproj", "{6DE1F02E-4312-424B-BC9A-D6D2CCCD2368}"
EndProject
Global
	GlobalSection(SolutionConfigurationPlatforms) = preSolution
		Debug|Any CPU = Debug|Any CPU
		Release|Any CPU = Release|Any CPU
	EndGlobalSection
	GlobalSection(ProjectConfigurationPlatforms) = postSolution
		{6DE1F02E-4312-424B-BC9A-D6D2CCCD2368}.Debug|Any CPU.ActiveCfg = Debug|Any CPU
		{6DE1F02E-4312-424B-BC9A-D6D2CCCD2368}.Debug|Any CPU.Build.0 = Debug|Any CPU
		{6DE1F02E-4312-424B-BC9A-D6D2CCCD2368}.Release|Any CPU.ActiveCfg = Release|Any CPU
		{6DE1F02E-4312-424B-BC9A-D6D2CCCD2368}.Release|Any CPU.Build.0 = Release|Any CPU
	EndGlobalSection
	GlobalSection(SolutionProperties) = preSolution
		HideSolutionNode = FALSE
	EndGlobalSection
	GlobalSection(ExtensibilityGlobals) = postSolution
		SolutionGuid = {712026F4-7312-4A67-A516-3491D572E9A7}
	EndGlobalSection
EndGlobal
